PODS:
  - Capacitor (3.0.0):
    - CapacitorCordova
  - CapacitorCordova (3.0.0)
  - SwiftSocket (2.0.2)

DEPENDENCIES:
  - "Capacitor (from `../node_modules/@capacitor/ios`)"
  - "CapacitorCordova (from `../node_modules/@capacitor/ios`)"
  - SwiftSocket

SPEC REPOS:
  trunk:
    - SwiftSocket

EXTERNAL SOURCES:
  Capacitor:
    :path: "../node_modules/@capacitor/ios"
  CapacitorCordova:
    :path: "../node_modules/@capacitor/ios"

SPEC CHECKSUMS:
  Capacitor: 06cd8cd01340f5b162e9528bf5569d87a6f29009
  CapacitorCordova: 183c8d1af3851da6d7a371f273462c8e64e15464
  SwiftSocket: 6f4c9c63fbc5c1d61188936bb3c599fd546f40ae

PODFILE CHECKSUM: 8d74d9fe7fcb4c757770d6be3449c226571c926b

COCOAPODS: 1.10.1
